
Microsoft Visual Studio Solution File, Format Version 12.00
# Visual Studio 14
VisualStudioVersion = 14.0.25420.1
MinimumVisualStudioVersion = 10.0.40219.1
Project("{FAE04EC0-301F-11D3-BF4B-00C04F79EFBC}") = "MVVMcalc", "MVVMcalc\MVVMcalc\MVVMcalc.csproj", "{4181C981-0F9F-4FFD-9603-F253C42C1C7A}"
EndProject
Project("{FAE04EC0-301F-11D3-BF4B-00C04F79EFBC}") = "MVVMcalc.Droid", "MVVMcalc\MVVMcalc.Droid\MVVMcalc.Droid.csproj", "{EB214795-EDCD-4F67-975C-04883F3A5F93}"
EndProject
Project("{FAE04EC0-301F-11D3-BF4B-00C04F79EFBC}") = "MVVMcalc.iOS", "MVVMcalc\MVVMcalc.iOS\MVVMcalc.iOS.csproj", "{3E0C859A-D307-4BFE-B062-240A3BC10A8D}"
EndProject
Project("{FAE04EC0-301F-11D3-BF4B-00C04F79EFBC}") = "MVVMcalc.WinPhone", "MVVMcalc\MVVMcalc.WinPhone\MVVMcalc.WinPhone.csproj", "{906AA664-08AE-4C6E-BC5E-F6D8994A96F9}"
EndProject
Project("{FAE04EC0-301F-11D3-BF4B-00C04F79EFBC}") = "MVVMcalc.UWP", "MVVMcalc\MVVMcalc.UWP\MVVMcalc.UWP.csproj", "{79053852-4F9A-4D6E-9AF5-F4D558580883}"
EndProject
Project("{FAE04EC0-301F-11D3-BF4B-00C04F79EFBC}") = "MVVMcalc.Windows", "MVVMcalc\MVVMcalc.Windows\MVVMcalc.Windows.csproj", "{F4B11D19-9477-4F50-8A11-1CF4EC7F8096}"
EndProject
Global
	GlobalSection(SolutionConfigurationPlatforms) = preSolution
		Ad-Hoc|Any CPU = Ad-Hoc|Any CPU
		Ad-Hoc|ARM = Ad-Hoc|ARM
		Ad-Hoc|iPhone = Ad-Hoc|iPhone
		Ad-Hoc|iPhoneSimulator = Ad-Hoc|iPhoneSimulator
		Ad-Hoc|x64 = Ad-Hoc|x64
		Ad-Hoc|x86 = Ad-Hoc|x86
		AppStore|Any CPU = AppStore|Any CPU
		AppStore|ARM = AppStore|ARM
		AppStore|iPhone = AppStore|iPhone
		AppStore|iPhoneSimulator = AppStore|iPhoneSimulator
		AppStore|x64 = AppStore|x64
		AppStore|x86 = AppStore|x86
		Debug|Any CPU = Debug|Any CPU
		Debug|ARM = Debug|ARM
		Debug|iPhone = Debug|iPhone
		Debug|iPhoneSimulator = Debug|iPhoneSimulator
		Debug|x64 = Debug|x64
		Debug|x86 = Debug|x86
		Release|Any CPU = Release|Any CPU
		Release|ARM = Release|ARM
		Release|iPhone = Release|iPhone
		Release|iPhoneSimulator = Release|iPhoneSimulator
		Release|x64 = Release|x64
		Release|x86 = Release|x86
	EndGlobalSection
	GlobalSection(ProjectConfigurationPlatforms) = postSolution
		{4181C981-0F9F-4FFD-9603-F253C42C1C7A}.Ad-Hoc|Any CPU.ActiveCfg = Release|Any CPU
		{4181C981-0F9F-4FFD-9603-F253C42C1C7A}.Ad-Hoc|Any CPU.Build.0 = Release|Any CPU
		{4181C981-0F9F-4FFD-9603-F253C42C1C7A}.Ad-Hoc|ARM.ActiveCfg = Release|Any CPU
		{4181C981-0F9F-4FFD-9603-F253C42C1C7A}.Ad-Hoc|ARM.Build.0 = Release|Any CPU
		{4181C981-0F9F-4FFD-9603-F253C42C1C7A}.Ad-Hoc|iPhone.ActiveCfg = Release|Any CPU
		{4181C981-0F9F-4FFD-9603-F253C42C1C7A}.Ad-Hoc|iPhone.Build.0 = Release|Any CPU
		{4181C981-0F9F-4FFD-9603-F253C42C1C7A}.Ad-Hoc|iPhoneSimulator.ActiveCfg = Release|Any CPU
		{4181C981-0F9F-4FFD-9603-F253C42C1C7A}.Ad-Hoc|iPhoneSimulator.Build.0 = Release|Any CPU
		{4181C981-0F9F-4FFD-9603-F253C42C1C7A}.Ad-Hoc|x64.ActiveCfg = Release|Any CPU
		{4181C981-0F9F-4FFD-9603-F253C42C1C7A}.Ad-Hoc|x64.Build.0 = Release|Any CPU
		{4181C981-0F9F-4FFD-9603-F253C42C1C7A}.Ad-Hoc|x86.ActiveCfg = Release|Any CPU
		{4181C981-0F9F-4FFD-9603-F253C42C1C7A}.Ad-Hoc|x86.Build.0 = Release|Any CPU
		{4181C981-0F9F-4FFD-9603-F253C42C1C7A}.AppStore|Any CPU.ActiveCfg = Release|Any CPU
		{4181C981-0F9F-4FFD-9603-F253C42C1C7A}.AppStore|Any CPU.Build.0 = Release|Any CPU
		{4181C981-0F9F-4FFD-9603-F253C42C1C7A}.AppStore|ARM.ActiveCfg = Release|Any CPU
		{4181C981-0F9F-4FFD-9603-F253C42C1C7A}.AppStore|ARM.Build.0 = Release|Any CPU
		{4181C981-0F9F-4FFD-9603-F253C42C1C7A}.AppStore|iPhone.ActiveCfg = Release|Any CPU
		{4181C981-0F9F-4FFD-9603-F253C42C1C7A}.AppStore|iPhone.Build.0 = Release|Any CPU
		{4181C981-0F9F-4FFD-9603-F253C42C1C7A}.AppStore|iPhoneSimulator.ActiveCfg = Release|Any CPU
		{4181C981-0F9F-4FFD-9603-F253C42C1C7A}.AppStore|iPhoneSimulator.Build.0 = Release|Any CPU
		{4181C981-0F9F-4FFD-9603-F253C42C1C7A}.AppStore|x64.ActiveCfg = Release|Any CPU
		{4181C981-0F9F-4FFD-9603-F253C42C1C7A}.AppStore|x64.Build.0 = Release|Any CPU
		{4181C981-0F9F-4FFD-9603-F253C42C1C7A}.AppStore|x86.ActiveCfg = Release|Any CPU
		{4181C981-0F9F-4FFD-9603-F253C42C1C7A}.AppStore|x86.Build.0 = Release|Any CPU
		{4181C981-0F9F-4FFD-9603-F253C42C1C7A}.Debug|Any CPU.ActiveCfg = Debug|Any CPU
		{4181C981-0F9F-4FFD-9603-F253C42C1C7A}.Debug|Any CPU.Build.0 = Debug|Any CPU
		{4181C981-0F9F-4FFD-9603-F253C42C1C7A}.Debug|ARM.ActiveCfg = Debug|Any CPU
		{4181C981-0F9F-4FFD-9603-F253C42C1C7A}.Debug|ARM.Build.0 = Debug|Any CPU
		{4181C981-0F9F-4FFD-9603-F253C42C1C7A}.Debug|iPhone.ActiveCfg = Debug|Any CPU
		{4181C981-0F9F-4FFD-9603-F253C42C1C7A}.Debug|iPhone.Build.0 = Debug|Any CPU
		{4181C981-0F9F-4FFD-9603-F253C42C1C7A}.Debug|iPhoneSimulator.ActiveCfg = Debug|Any CPU
		{4181C981-0F9F-4FFD-9603-F253C42C1C7A}.Debug|iPhoneSimulator.Build.0 = Debug|Any CPU
		{4181C981-0F9F-4FFD-9603-F253C42C1C7A}.Debug|x64.ActiveCfg = Debug|Any CPU
		{4181C981-0F9F-4FFD-9603-F253C42C1C7A}.Debug|x64.Build.0 = Debug|Any CPU
		{4181C981-0F9F-4FFD-9603-F253C42C1C7A}.Debug|x86.ActiveCfg = Debug|Any CPU
		{4181C981-0F9F-4FFD-9603-F253C42C1C7A}.Debug|x86.Build.0 = Debug|Any CPU
		{4181C981-0F9F-4FFD-9603-F253C42C1C7A}.Release|Any CPU.ActiveCfg = Release|Any CPU
		{4181C981-0F9F-4FFD-9603-F253C42C1C7A}.Release|Any CPU.Build.0 = Release|Any CPU
		{4181C981-0F9F-4FFD-9603-F253C42C1C7A}.Release|ARM.ActiveCfg = Release|Any CPU
		{4181C981-0F9F-4FFD-9603-F253C42C1C7A}.Release|ARM.Build.0 = Release|Any CPU
		{4181C981-0F9F-4FFD-9603-F253C42C1C7A}.Release|iPhone.ActiveCfg = Release|Any CPU
		{4181C981-0F9F-4FFD-9603-F253C42C1C7A}.Release|iPhone.Build.0 = Release|Any CPU
		{4181C981-0F9F-4FFD-9603-F253C42C1C7A}.Release|iPhoneSimulator.ActiveCfg = Release|Any CPU
		{4181C981-0F9F-4FFD-9603-F253C42C1C7A}.Release|iPhoneSimulator.Build.0 = Release|Any CPU
		{4181C981-0F9F-4FFD-9603-F253C42C1C7A}.Release|x64.ActiveCfg = Release|Any CPU
		{4181C981-0F9F-4FFD-9603-F253C42C1C7A}.Release|x64.Build.0 = Release|Any CPU
		{4181C981-0F9F-4FFD-9603-F253C42C1C7A}.Release|x86.ActiveCfg = Release|Any CPU
		{4181C981-0F9F-4FFD-9603-F253C42C1C7A}.Release|x86.Build.0 = Release|Any CPU
		{EB214795-EDCD-4F67-975C-04883F3A5F93}.Ad-Hoc|Any CPU.ActiveCfg = Release|Any CPU
		{EB214795-EDCD-4F67-975C-04883F3A5F93}.Ad-Hoc|Any CPU.Build.0 = Release|Any CPU
		{EB214795-EDCD-4F67-975C-04883F3A5F93}.Ad-Hoc|Any CPU.Deploy.0 = Release|Any CPU
		{EB214795-EDCD-4F67-975C-04883F3A5F93}.Ad-Hoc|ARM.ActiveCfg = Release|Any CPU
		{EB214795-EDCD-4F67-975C-04883F3A5F93}.Ad-Hoc|ARM.Build.0 = Release|Any CPU
		{EB214795-EDCD-4F67-975C-04883F3A5F93}.Ad-Hoc|ARM.Deploy.0 = Release|Any CPU
		{EB214795-EDCD-4F67-975C-04883F3A5F93}.Ad-Hoc|iPhone.ActiveCfg = Release|Any CPU
		{EB214795-EDCD-4F67-975C-04883F3A5F93}.Ad-Hoc|iPhone.Build.0 = Release|Any CPU
		{EB214795-EDCD-4F67-975C-04883F3A5F93}.Ad-Hoc|iPhone.Deploy.0 = Release|Any CPU
		{EB214795-EDCD-4F67-975C-04883F3A5F93}.Ad-Hoc|iPhoneSimulator.ActiveCfg = Release|Any CPU
		{EB214795-EDCD-4F67-975C-04883F3A5F93}.Ad-Hoc|iPhoneSimulator.Build.0 = Release|Any CPU
		{EB214795-EDCD-4F67-975C-04883F3A5F93}.Ad-Hoc|iPhoneSimulator.Deploy.0 = Release|Any CPU
		{EB214795-EDCD-4F67-975C-04883F3A5F93}.Ad-Hoc|x64.ActiveCfg = Release|Any CPU
		{EB214795-EDCD-4F67-975C-04883F3A5F93}.Ad-Hoc|x64.Build.0 = Release|Any CPU
		{EB214795-EDCD-4F67-975C-04883F3A5F93}.Ad-Hoc|x64.Deploy.0 = Release|Any CPU
		{EB214795-EDCD-4F67-975C-04883F3A5F93}.Ad-Hoc|x86.ActiveCfg = Release|Any CPU
		{EB214795-EDCD-4F67-975C-04883F3A5F93}.Ad-Hoc|x86.Build.0 = Release|Any CPU
		{EB214795-EDCD-4F67-975C-04883F3A5F93}.Ad-Hoc|x86.Deploy.0 = Release|Any CPU
		{EB214795-EDCD-4F67-975C-04883F3A5F93}.AppStore|Any CPU.ActiveCfg = Release|Any CPU
		{EB214795-EDCD-4F67-975C-04883F3A5F93}.AppStore|Any CPU.Build.0 = Release|Any CPU
		{EB214795-EDCD-4F67-975C-04883F3A5F93}.AppStore|Any CPU.Deploy.0 = Release|Any CPU
		{EB214795-EDCD-4F67-975C-04883F3A5F93}.AppStore|ARM.ActiveCfg = Release|Any CPU
		{EB214795-EDCD-4F67-975C-04883F3A5F93}.AppStore|ARM.Build.0 = Release|Any CPU
		{EB214795-EDCD-4F67-975C-04883F3A5F93}.AppStore|ARM.Deploy.0 = Release|Any CPU
		{EB214795-EDCD-4F67-975C-04883F3A5F93}.AppStore|iPhone.ActiveCfg = Release|Any CPU
		{EB214795-EDCD-4F67-975C-04883F3A5F93}.AppStore|iPhone.Build.0 = Release|Any CPU
		{EB214795-EDCD-4F67-975C-04883F3A5F93}.AppStore|iPhone.Deploy.0 = Release|Any CPU
		{EB214795-EDCD-4F67-975C-04883F3A5F93}.AppStore|iPhoneSimulator.ActiveCfg = Release|Any CPU
		{EB214795-EDCD-4F67-975C-04883F3A5F93}.AppStore|iPhoneSimulator.Build.0 = Release|Any CPU
		{EB214795-EDCD-4F67-975C-04883F3A5F93}.AppStore|iPhoneSimulator.Deploy.0 = Release|Any CPU
		{EB214795-EDCD-4F67-975C-04883F3A5F93}.AppStore|x64.ActiveCfg = Release|Any CPU
		{EB214795-EDCD-4F67-975C-04883F3A5F93}.AppStore|x64.Build.0 = Release|Any CPU
		{EB214795-EDCD-4F67-975C-04883F3A5F93}.AppStore|x64.Deploy.0 = Release|Any CPU
		{EB214795-EDCD-4F67-975C-04883F3A5F93}.AppStore|x86.ActiveCfg = Release|Any CPU
		{EB214795-EDCD-4F67-975C-04883F3A5F93}.AppStore|x86.Build.0 = Release|Any CPU
		{EB214795-EDCD-4F67-975C-04883F3A5F93}.AppStore|x86.Deploy.0 = Release|Any CPU
		{EB214795-EDCD-4F67-975C-04883F3A5F93}.Debug|Any CPU.ActiveCfg = Debug|Any CPU
		{EB214795-EDCD-4F67-975C-04883F3A5F93}.Debug|Any CPU.Build.0 = Debug|Any CPU
		{EB214795-EDCD-4F67-975C-04883F3A5F93}.Debug|Any CPU.Deploy.0 = Debug|Any CPU
		{EB214795-EDCD-4F67-975C-04883F3A5F93}.Debug|ARM.ActiveCfg = Debug|Any CPU
		{EB214795-EDCD-4F67-975C-04883F3A5F93}.Debug|ARM.Build.0 = Debug|Any CPU
		{EB214795-EDCD-4F67-975C-04883F3A5F93}.Debug|ARM.Deploy.0 = Debug|Any CPU
		{EB214795-EDCD-4F67-975C-04883F3A5F93}.Debug|iPhone.ActiveCfg = Debug|Any CPU
		{EB214795-EDCD-4F67-975C-04883F3A5F93}.Debug|iPhone.Build.0 = Debug|Any CPU
		{EB214795-EDCD-4F67-975C-04883F3A5F93}.Debug|iPhone.Deploy.0 = Debug|Any CPU
		{EB214795-EDCD-4F67-975C-04883F3A5F93}.Debug|iPhoneSimulator.ActiveCfg = Debug|Any CPU
		{EB214795-EDCD-4F67-975C-04883F3A5F93}.Debug|iPhoneSimulator.Build.0 = Debug|Any CPU
		{EB214795-EDCD-4F67-975C-04883F3A5F93}.Debug|iPhoneSimulator.Deploy.0 = Debug|Any CPU
		{EB214795-EDCD-4F67-975C-04883F3A5F93}.Debug|x64.ActiveCfg = Debug|Any CPU
		{EB214795-EDCD-4F67-975C-04883F3A5F93}.Debug|x64.Build.0 = Debug|Any CPU
		{EB214795-EDCD-4F67-975C-04883F3A5F93}.Debug|x64.Deploy.0 = Debug|Any CPU
		{EB214795-EDCD-4F67-975C-04883F3A5F93}.Debug|x86.ActiveCfg = Debug|Any CPU
		{EB214795-EDCD-4F67-975C-04883F3A5F93}.Debug|x86.Build.0 = Debug|Any CPU
		{EB214795-EDCD-4F67-975C-04883F3A5F93}.Debug|x86.Deploy.0 = Debug|Any CPU
		{EB214795-EDCD-4F67-975C-04883F3A5F93}.Release|Any CPU.ActiveCfg = Release|Any CPU
		{EB214795-EDCD-4F67-975C-04883F3A5F93}.Release|Any CPU.Build.0 = Release|Any CPU
		{EB214795-EDCD-4F67-975C-04883F3A5F93}.Release|Any CPU.Deploy.0 = Release|Any CPU
		{EB214795-EDCD-4F67-975C-04883F3A5F93}.Release|ARM.ActiveCfg = Release|Any CPU
		{EB214795-EDCD-4F67-975C-04883F3A5F93}.Release|ARM.Build.0 = Release|Any CPU
		{EB214795-EDCD-4F67-975C-04883F3A5F93}.Release|ARM.Deploy.0 = Release|Any CPU
		{EB214795-EDCD-4F67-975C-04883F3A5F93}.Release|iPhone.ActiveCfg = Release|Any CPU
		{EB214795-EDCD-4F67-975C-04883F3A5F93}.Release|iPhone.Build.0 = Release|Any CPU
		{EB214795-EDCD-4F67-975C-04883F3A5F93}.Release|iPhone.Deploy.0 = Release|Any CPU
		{EB214795-EDCD-4F67-975C-04883F3A5F93}.Release|iPhoneSimulator.ActiveCfg = Release|Any CPU
		{EB214795-EDCD-4F67-975C-04883F3A5F93}.Release|iPhoneSimulator.Build.0 = Release|Any CPU
		{EB214795-EDCD-4F67-975C-04883F3A5F93}.Release|iPhoneSimulator.Deploy.0 = Release|Any CPU
		{EB214795-EDCD-4F67-975C-04883F3A5F93}.Release|x64.ActiveCfg = Release|Any CPU
		{EB214795-EDCD-4F67-975C-04883F3A5F93}.Release|x64.Build.0 = Release|Any CPU
		{EB214795-EDCD-4F67-975C-04883F3A5F93}.Release|x64.Deploy.0 = Release|Any CPU
		{EB214795-EDCD-4F67-975C-04883F3A5F93}.Release|x86.ActiveCfg = Release|Any CPU
		{EB214795-EDCD-4F67-975C-04883F3A5F93}.Release|x86.Build.0 = Release|Any CPU
		{EB214795-EDCD-4F67-975C-04883F3A5F93}.Release|x86.Deploy.0 = Release|Any CPU
		{3E0C859A-D307-4BFE-B062-240A3BC10A8D}.Ad-Hoc|Any CPU.ActiveCfg = Ad-Hoc|iPhone
		{3E0C859A-D307-4BFE-B062-240A3BC10A8D}.Ad-Hoc|ARM.ActiveCfg = Ad-Hoc|iPhone
		{3E0C859A-D307-4BFE-B062-240A3BC10A8D}.Ad-Hoc|iPhone.ActiveCfg = Ad-Hoc|iPhone
		{3E0C859A-D307-4BFE-B062-240A3BC10A8D}.Ad-Hoc|iPhone.Build.0 = Ad-Hoc|iPhone
		{3E0C859A-D307-4BFE-B062-240A3BC10A8D}.Ad-Hoc|iPhoneSimulator.ActiveCfg = Ad-Hoc|iPhoneSimulator
		{3E0C859A-D307-4BFE-B062-240A3BC10A8D}.Ad-Hoc|iPhoneSimulator.Build.0 = Ad-Hoc|iPhoneSimulator
		{3E0C859A-D307-4BFE-B062-240A3BC10A8D}.Ad-Hoc|x64.ActiveCfg = Ad-Hoc|iPhone
		{3E0C859A-D307-4BFE-B062-240A3BC10A8D}.Ad-Hoc|x86.ActiveCfg = Ad-Hoc|iPhone
		{3E0C859A-D307-4BFE-B062-240A3BC10A8D}.AppStore|Any CPU.ActiveCfg = AppStore|iPhone
		{3E0C859A-D307-4BFE-B062-240A3BC10A8D}.AppStore|ARM.ActiveCfg = AppStore|iPhone
		{3E0C859A-D307-4BFE-B062-240A3BC10A8D}.AppStore|iPhone.ActiveCfg = AppStore|iPhone
		{3E0C859A-D307-4BFE-B062-240A3BC10A8D}.AppStore|iPhone.Build.0 = AppStore|iPhone
		{3E0C859A-D307-4BFE-B062-240A3BC10A8D}.AppStore|iPhoneSimulator.ActiveCfg = AppStore|iPhoneSimulator
		{3E0C859A-D307-4BFE-B062-240A3BC10A8D}.AppStore|iPhoneSimulator.Build.0 = AppStore|iPhoneSimulator
		{3E0C859A-D307-4BFE-B062-240A3BC10A8D}.AppStore|x64.ActiveCfg = AppStore|iPhone
		{3E0C859A-D307-4BFE-B062-240A3BC10A8D}.AppStore|x86.ActiveCfg = AppStore|iPhone
		{3E0C859A-D307-4BFE-B062-240A3BC10A8D}.Debug|Any CPU.ActiveCfg = Debug|iPhone
		{3E0C859A-D307-4BFE-B062-240A3BC10A8D}.Debug|ARM.ActiveCfg = Debug|iPhone
		{3E0C859A-D307-4BFE-B062-240A3BC10A8D}.Debug|iPhone.ActiveCfg = Debug|iPhone
		{3E0C859A-D307-4BFE-B062-240A3BC10A8D}.Debug|iPhone.Build.0 = Debug|iPhone
		{3E0C859A-D307-4BFE-B062-240A3BC10A8D}.Debug|iPhoneSimulator.ActiveCfg = Debug|iPhoneSimulator
		{3E0C859A-D307-4BFE-B062-240A3BC10A8D}.Debug|iPhoneSimulator.Build.0 = Debug|iPhoneSimulator
		{3E0C859A-D307-4BFE-B062-240A3BC10A8D}.Debug|x64.ActiveCfg = Debug|iPhone
		{3E0C859A-D307-4BFE-B062-240A3BC10A8D}.Debug|x86.ActiveCfg = Debug|iPhone
		{3E0C859A-D307-4BFE-B062-240A3BC10A8D}.Release|Any CPU.ActiveCfg = Release|iPhone
		{3E0C859A-D307-4BFE-B062-240A3BC10A8D}.Release|ARM.ActiveCfg = Release|iPhone
		{3E0C859A-D307-4BFE-B062-240A3BC10A8D}.Release|iPhone.ActiveCfg = Release|iPhone
		{3E0C859A-D307-4BFE-B062-240A3BC10A8D}.Release|iPhone.Build.0 = Release|iPhone
		{3E0C859A-D307-4BFE-B062-240A3BC10A8D}.Release|iPhoneSimulator.ActiveCfg = Release|iPhoneSimulator
		{3E0C859A-D307-4BFE-B062-240A3BC10A8D}.Release|iPhoneSimulator.Build.0 = Release|iPhoneSimulator
		{3E0C859A-D307-4BFE-B062-240A3BC10A8D}.Release|x64.ActiveCfg = Release|iPhone
		{3E0C859A-D307-4BFE-B062-240A3BC10A8D}.Release|x86.ActiveCfg = Release|iPhone
		{906AA664-08AE-4C6E-BC5E-F6D8994A96F9}.Ad-Hoc|Any CPU.ActiveCfg = Release|Any CPU
		{906AA664-08AE-4C6E-BC5E-F6D8994A96F9}.Ad-Hoc|Any CPU.Build.0 = Release|Any CPU
		{906AA664-08AE-4C6E-BC5E-F6D8994A96F9}.Ad-Hoc|Any CPU.Deploy.0 = Release|Any CPU
		{906AA664-08AE-4C6E-BC5E-F6D8994A96F9}.Ad-Hoc|ARM.ActiveCfg = Release|ARM
		{906AA664-08AE-4C6E-BC5E-F6D8994A96F9}.Ad-Hoc|ARM.Build.0 = Release|ARM
		{906AA664-08AE-4C6E-BC5E-F6D8994A96F9}.Ad-Hoc|ARM.Deploy.0 = Release|ARM
		{906AA664-08AE-4C6E-BC5E-F6D8994A96F9}.Ad-Hoc|iPhone.ActiveCfg = Release|Any CPU
		{906AA664-08AE-4C6E-BC5E-F6D8994A96F9}.Ad-Hoc|iPhone.Build.0 = Release|Any CPU
		{906AA664-08AE-4C6E-BC5E-F6D8994A96F9}.Ad-Hoc|iPhone.Deploy.0 = Release|Any CPU
		{906AA664-08AE-4C6E-BC5E-F6D8994A96F9}.Ad-Hoc|iPhoneSimulator.ActiveCfg = Release|Any CPU
		{906AA664-08AE-4C6E-BC5E-F6D8994A96F9}.Ad-Hoc|iPhoneSimulator.Build.0 = Release|Any CPU
		{906AA664-08AE-4C6E-BC5E-F6D8994A96F9}.Ad-Hoc|iPhoneSimulator.Deploy.0 = Release|Any CPU
		{906AA664-08AE-4C6E-BC5E-F6D8994A96F9}.Ad-Hoc|x64.ActiveCfg = Release|Any CPU
		{906AA664-08AE-4C6E-BC5E-F6D8994A96F9}.Ad-Hoc|x64.Build.0 = Release|Any CPU
		{906AA664-08AE-4C6E-BC5E-F6D8994A96F9}.Ad-Hoc|x64.Deploy.0 = Release|Any CPU
		{906AA664-08AE-4C6E-BC5E-F6D8994A96F9}.Ad-Hoc|x86.ActiveCfg = Release|x86
		{906AA664-08AE-4C6E-BC5E-F6D8994A96F9}.Ad-Hoc|x86.Build.0 = Release|x86
		{906AA664-08AE-4C6E-BC5E-F6D8994A96F9}.Ad-Hoc|x86.Deploy.0 = Release|x86
		{906AA664-08AE-4C6E-BC5E-F6D8994A96F9}.AppStore|Any CPU.ActiveCfg = Release|Any CPU
		{906AA664-08AE-4C6E-BC5E-F6D8994A96F9}.AppStore|Any CPU.Build.0 = Release|Any CPU
		{906AA664-08AE-4C6E-BC5E-F6D8994A96F9}.AppStore|Any CPU.Deploy.0 = Release|Any CPU
		{906AA664-08AE-4C6E-BC5E-F6D8994A96F9}.AppStore|ARM.ActiveCfg = Release|ARM
		{906AA664-08AE-4C6E-BC5E-F6D8994A96F9}.AppStore|ARM.Build.0 = Release|ARM
		{906AA664-08AE-4C6E-BC5E-F6D8994A96F9}.AppStore|ARM.Deploy.0 = Release|ARM
		{906AA664-08AE-4C6E-BC5E-F6D8994A96F9}.AppStore|iPhone.ActiveCfg = Release|Any CPU
		{906AA664-08AE-4C6E-BC5E-F6D8994A96F9}.AppStore|iPhone.Build.0 = Release|Any CPU
		{906AA664-08AE-4C6E-BC5E-F6D8994A96F9}.AppStore|iPhone.Deploy.0 = Release|Any CPU
		{906AA664-08AE-4C6E-BC5E-F6D8994A96F9}.AppStore|iPhoneSimulator.ActiveCfg = Release|Any CPU
		{906AA664-08AE-4C6E-BC5E-F6D8994A96F9}.AppStore|iPhoneSimulator.Build.0 = Release|Any CPU
		{906AA664-08AE-4C6E-BC5E-F6D8994A96F9}.AppStore|iPhoneSimulator.Deploy.0 = Release|Any CPU
		{906AA664-08AE-4C6E-BC5E-F6D8994A96F9}.AppStore|x64.ActiveCfg = Release|Any CPU
		{906AA664-08AE-4C6E-BC5E-F6D8994A96F9}.AppStore|x64.Build.0 = Release|Any CPU
		{906AA664-08AE-4C6E-BC5E-F6D8994A96F9}.AppStore|x64.Deploy.0 = Release|Any CPU
		{906AA664-08AE-4C6E-BC5E-F6D8994A96F9}.AppStore|x86.ActiveCfg = Release|x86
		{906AA664-08AE-4C6E-BC5E-F6D8994A96F9}.AppStore|x86.Build.0 = Release|x86
		{906AA664-08AE-4C6E-BC5E-F6D8994A96F9}.AppStore|x86.Deploy.0 = Release|x86
		{906AA664-08AE-4C6E-BC5E-F6D8994A96F9}.Debug|Any CPU.ActiveCfg = Debug|Any CPU
		{906AA664-08AE-4C6E-BC5E-F6D8994A96F9}.Debug|Any CPU.Build.0 = Debug|Any CPU
		{906AA664-08AE-4C6E-BC5E-F6D8994A96F9}.Debug|Any CPU.Deploy.0 = Debug|Any CPU
		{906AA664-08AE-4C6E-BC5E-F6D8994A96F9}.Debug|ARM.ActiveCfg = Debug|ARM
		{906AA664-08AE-4C6E-BC5E-F6D8994A96F9}.Debug|ARM.Build.0 = Debug|ARM
		{906AA664-08AE-4C6E-BC5E-F6D8994A96F9}.Debug|ARM.Deploy.0 = Debug|ARM
		{906AA664-08AE-4C6E-BC5E-F6D8994A96F9}.Debug|iPhone.ActiveCfg = Debug|Any CPU
		{906AA664-08AE-4C6E-BC5E-F6D8994A96F9}.Debug|iPhone.Build.0 = Debug|Any CPU
		{906AA664-08AE-4C6E-BC5E-F6D8994A96F9}.Debug|iPhone.Deploy.0 = Debug|Any CPU
		{906AA664-08AE-4C6E-BC5E-F6D8994A96F9}.Debug|iPhoneSimulator.ActiveCfg = Debug|Any CPU
		{906AA664-08AE-4C6E-BC5E-F6D8994A96F9}.Debug|iPhoneSimulator.Build.0 = Debug|Any CPU
		{906AA664-08AE-4C6E-BC5E-F6D8994A96F9}.Debug|iPhoneSimulator.Deploy.0 = Debug|Any CPU
		{906AA664-08AE-4C6E-BC5E-F6D8994A96F9}.Debug|x64.ActiveCfg = Debug|Any CPU
		{906AA664-08AE-4C6E-BC5E-F6D8994A96F9}.Debug|x64.Build.0 = Debug|Any CPU
		{906AA664-08AE-4C6E-BC5E-F6D8994A96F9}.Debug|x64.Deploy.0 = Debug|Any CPU
		{906AA664-08AE-4C6E-BC5E-F6D8994A96F9}.Debug|x86.ActiveCfg = Debug|x86
		{906AA664-08AE-4C6E-BC5E-F6D8994A96F9}.Debug|x86.Build.0 = Debug|x86
		{906AA664-08AE-4C6E-BC5E-F6D8994A96F9}.Debug|x86.Deploy.0 = Debug|x86
		{906AA664-08AE-4C6E-BC5E-F6D8994A96F9}.Release|Any CPU.ActiveCfg = Release|Any CPU
		{906AA664-08AE-4C6E-BC5E-F6D8994A96F9}.Release|Any CPU.Build.0 = Release|Any CPU
		{906AA664-08AE-4C6E-BC5E-F6D8994A96F9}.Release|Any CPU.Deploy.0 = Release|Any CPU
		{906AA664-08AE-4C6E-BC5E-F6D8994A96F9}.Release|ARM.ActiveCfg = Release|ARM
		{906AA664-08AE-4C6E-BC5E-F6D8994A96F9}.Release|ARM.Build.0 = Release|ARM
		{906AA664-08AE-4C6E-BC5E-F6D8994A96F9}.Release|ARM.Deploy.0 = Release|ARM
		{906AA664-08AE-4C6E-BC5E-F6D8994A96F9}.Release|iPhone.ActiveCfg = Release|Any CPU
		{906AA664-08AE-4C6E-BC5E-F6D8994A96F9}.Release|iPhone.Build.0 = Release|Any CPU
		{906AA664-08AE-4C6E-BC5E-F6D8994A96F9}.Release|iPhone.Deploy.0 = Release|Any CPU
		{906AA664-08AE-4C6E-BC5E-F6D8994A96F9}.Release|iPhoneSimulator.ActiveCfg = Release|Any CPU
		{906AA664-08AE-4C6E-BC5E-F6D8994A96F9}.Release|iPhoneSimulator.Build.0 = Release|Any CPU
		{906AA664-08AE-4C6E-BC5E-F6D8994A96F9}.Release|iPhoneSimulator.Deploy.0 = Release|Any CPU
		{906AA664-08AE-4C6E-BC5E-F6D8994A96F9}.Release|x64.ActiveCfg = Release|Any CPU
		{906AA664-08AE-4C6E-BC5E-F6D8994A96F9}.Release|x64.Build.0 = Release|Any CPU
		{906AA664-08AE-4C6E-BC5E-F6D8994A96F9}.Release|x64.Deploy.0 = Release|Any CPU
		{906AA664-08AE-4C6E-BC5E-F6D8994A96F9}.Release|x86.ActiveCfg = Release|x86
		{906AA664-08AE-4C6E-BC5E-F6D8994A96F9}.Release|x86.Build.0 = Release|x86
		{906AA664-08AE-4C6E-BC5E-F6D8994A96F9}.Release|x86.Deploy.0 = Release|x86
		{79053852-4F9A-4D6E-9AF5-F4D558580883}.Ad-Hoc|Any CPU.ActiveCfg = Release|x86
		{79053852-4F9A-4D6E-9AF5-F4D558580883}.Ad-Hoc|Any CPU.Build.0 = Release|x86
		{79053852-4F9A-4D6E-9AF5-F4D558580883}.Ad-Hoc|Any CPU.Deploy.0 = Release|x86
		{79053852-4F9A-4D6E-9AF5-F4D558580883}.Ad-Hoc|ARM.ActiveCfg = Release|ARM
		{79053852-4F9A-4D6E-9AF5-F4D558580883}.Ad-Hoc|ARM.Build.0 = Release|ARM
		{79053852-4F9A-4D6E-9AF5-F4D558580883}.Ad-Hoc|ARM.Deploy.0 = Release|ARM
		{79053852-4F9A-4D6E-9AF5-F4D558580883}.Ad-Hoc|iPhone.ActiveCfg = Release|x86
		{79053852-4F9A-4D6E-9AF5-F4D558580883}.Ad-Hoc|iPhone.Build.0 = Release|x86
		{79053852-4F9A-4D6E-9AF5-F4D558580883}.Ad-Hoc|iPhone.Deploy.0 = Release|x86
		{79053852-4F9A-4D6E-9AF5-F4D558580883}.Ad-Hoc|iPhoneSimulator.ActiveCfg = Release|x86
		{79053852-4F9A-4D6E-9AF5-F4D558580883}.Ad-Hoc|iPhoneSimulator.Build.0 = Release|x86
		{79053852-4F9A-4D6E-9AF5-F4D558580883}.Ad-Hoc|iPhoneSimulator.Deploy.0 = Release|x86
		{79053852-4F9A-4D6E-9AF5-F4D558580883}.Ad-Hoc|x64.ActiveCfg = Release|x64
		{79053852-4F9A-4D6E-9AF5-F4D558580883}.Ad-Hoc|x64.Build.0 = Release|x64
		{79053852-4F9A-4D6E-9AF5-F4D558580883}.Ad-Hoc|x64.Deploy.0 = Release|x64
		{79053852-4F9A-4D6E-9AF5-F4D558580883}.Ad-Hoc|x86.ActiveCfg = Release|x86
		{79053852-4F9A-4D6E-9AF5-F4D558580883}.Ad-Hoc|x86.Build.0 = Release|x86
		{79053852-4F9A-4D6E-9AF5-F4D558580883}.Ad-Hoc|x86.Deploy.0 = Release|x86
		{79053852-4F9A-4D6E-9AF5-F4D558580883}.AppStore|Any CPU.ActiveCfg = Release|x86
		{79053852-4F9A-4D6E-9AF5-F4D558580883}.AppStore|Any CPU.Build.0 = Release|x86
		{79053852-4F9A-4D6E-9AF5-F4D558580883}.AppStore|Any CPU.Deploy.0 = Release|x86
		{79053852-4F9A-4D6E-9AF5-F4D558580883}.AppStore|ARM.ActiveCfg = Release|ARM
		{79053852-4F9A-4D6E-9AF5-F4D558580883}.AppStore|ARM.Build.0 = Release|ARM
		{79053852-4F9A-4D6E-9AF5-F4D558580883}.AppStore|ARM.Deploy.0 = Release|ARM
		{79053852-4F9A-4D6E-9AF5-F4D558580883}.AppStore|iPhone.ActiveCfg = Release|x86
		{79053852-4F9A-4D6E-9AF5-F4D558580883}.AppStore|iPhone.Build.0 = Release|x86
		{79053852-4F9A-4D6E-9AF5-F4D558580883}.AppStore|iPhone.Deploy.0 = Release|x86
		{79053852-4F9A-4D6E-9AF5-F4D558580883}.AppStore|iPhoneSimulator.ActiveCfg = Release|x86
		{79053852-4F9A-4D6E-9AF5-F4D558580883}.AppStore|iPhoneSimulator.Build.0 = Release|x86
		{79053852-4F9A-4D6E-9AF5-F4D558580883}.AppStore|iPhoneSimulator.Deploy.0 = Release|x86
		{79053852-4F9A-4D6E-9AF5-F4D558580883}.AppStore|x64.ActiveCfg = Release|x64
		{79053852-4F9A-4D6E-9AF5-F4D558580883}.AppStore|x64.Build.0 = Release|x64
		{79053852-4F9A-4D6E-9AF5-F4D558580883}.AppStore|x64.Deploy.0 = Release|x64
		{79053852-4F9A-4D6E-9AF5-F4D558580883}.AppStore|x86.ActiveCfg = Release|x86
		{79053852-4F9A-4D6E-9AF5-F4D558580883}.AppStore|x86.Build.0 = Release|x86
		{79053852-4F9A-4D6E-9AF5-F4D558580883}.AppStore|x86.Deploy.0 = Release|x86
		{79053852-4F9A-4D6E-9AF5-F4D558580883}.Debug|Any CPU.ActiveCfg = Debug|x86
		{79053852-4F9A-4D6E-9AF5-F4D558580883}.Debug|ARM.ActiveCfg = Debug|ARM
		{79053852-4F9A-4D6E-9AF5-F4D558580883}.Debug|ARM.Build.0 = Debug|ARM
		{79053852-4F9A-4D6E-9AF5-F4D558580883}.Debug|ARM.Deploy.0 = Debug|ARM
		{79053852-4F9A-4D6E-9AF5-F4D558580883}.Debug|iPhone.ActiveCfg = Debug|x86
		{79053852-4F9A-4D6E-9AF5-F4D558580883}.Debug|iPhoneSimulator.ActiveCfg = Debug|x86
		{79053852-4F9A-4D6E-9AF5-F4D558580883}.Debug|x64.ActiveCfg = Debug|x64
		{79053852-4F9A-4D6E-9AF5-F4D558580883}.Debug|x64.Build.0 = Debug|x64
		{79053852-4F9A-4D6E-9AF5-F4D558580883}.Debug|x64.Deploy.0 = Debug|x64
		{79053852-4F9A-4D6E-9AF5-F4D558580883}.Debug|x86.ActiveCfg = Debug|x86
		{79053852-4F9A-4D6E-9AF5-F4D558580883}.Debug|x86.Build.0 = Debug|x86
		{79053852-4F9A-4D6E-9AF5-F4D558580883}.Debug|x86.Deploy.0 = Debug|x86
		{79053852-4F9A-4D6E-9AF5-F4D558580883}.Release|Any CPU.ActiveCfg = Release|x86
		{79053852-4F9A-4D6E-9AF5-F4D558580883}.Release|ARM.ActiveCfg = Release|ARM
		{79053852-4F9A-4D6E-9AF5-F4D558580883}.Release|ARM.Build.0 = Release|ARM
		{79053852-4F9A-4D6E-9AF5-F4D558580883}.Release|ARM.Deploy.0 = Release|ARM
		{79053852-4F9A-4D6E-9AF5-F4D558580883}.Release|iPhone.ActiveCfg = Release|x86
		{79053852-4F9A-4D6E-9AF5-F4D558580883}.Release|iPhoneSimulator.ActiveCfg = Release|x86
		{79053852-4F9A-4D6E-9AF5-F4D558580883}.Release|x64.ActiveCfg = Release|x64
		{79053852-4F9A-4D6E-9AF5-F4D558580883}.Release|x64.Build.0 = Release|x64
		{79053852-4F9A-4D6E-9AF5-F4D558580883}.Release|x64.Deploy.0 = Release|x64
		{79053852-4F9A-4D6E-9AF5-F4D558580883}.Release|x86.ActiveCfg = Release|x86
		{79053852-4F9A-4D6E-9AF5-F4D558580883}.Release|x86.Build.0 = Release|x86
		{79053852-4F9A-4D6E-9AF5-F4D558580883}.Release|x86.Deploy.0 = Release|x86
		{F4B11D19-9477-4F50-8A11-1CF4EC7F8096}.Ad-Hoc|Any CPU.ActiveCfg = Release|Any CPU
		{F4B11D19-9477-4F50-8A11-1CF4EC7F8096}.Ad-Hoc|Any CPU.Build.0 = Release|Any CPU
		{F4B11D19-9477-4F50-8A11-1CF4EC7F8096}.Ad-Hoc|Any CPU.Deploy.0 = Release|Any CPU
		{F4B11D19-9477-4F50-8A11-1CF4EC7F8096}.Ad-Hoc|ARM.ActiveCfg = Release|ARM
		{F4B11D19-9477-4F50-8A11-1CF4EC7F8096}.Ad-Hoc|ARM.Build.0 = Release|ARM
		{F4B11D19-9477-4F50-8A11-1CF4EC7F8096}.Ad-Hoc|ARM.Deploy.0 = Release|ARM
		{F4B11D19-9477-4F50-8A11-1CF4EC7F8096}.Ad-Hoc|iPhone.ActiveCfg = Release|Any CPU
		{F4B11D19-9477-4F50-8A11-1CF4EC7F8096}.Ad-Hoc|iPhone.Build.0 = Release|Any CPU
		{F4B11D19-9477-4F50-8A11-1CF4EC7F8096}.Ad-Hoc|iPhone.Deploy.0 = Release|Any CPU
		{F4B11D19-9477-4F50-8A11-1CF4EC7F8096}.Ad-Hoc|iPhoneSimulator.ActiveCfg = Release|Any CPU
		{F4B11D19-9477-4F50-8A11-1CF4EC7F8096}.Ad-Hoc|iPhoneSimulator.Build.0 = Release|Any CPU
		{F4B11D19-9477-4F50-8A11-1CF4EC7F8096}.Ad-Hoc|iPhoneSimulator.Deploy.0 = Release|Any CPU
		{F4B11D19-9477-4F50-8A11-1CF4EC7F8096}.Ad-Hoc|x64.ActiveCfg = Release|x64
		{F4B11D19-9477-4F50-8A11-1CF4EC7F8096}.Ad-Hoc|x64.Build.0 = Release|x64
		{F4B11D19-9477-4F50-8A11-1CF4EC7F8096}.Ad-Hoc|x64.Deploy.0 = Release|x64
		{F4B11D19-9477-4F50-8A11-1CF4EC7F8096}.Ad-Hoc|x86.ActiveCfg = Release|x86
		{F4B11D19-9477-4F50-8A11-1CF4EC7F8096}.Ad-Hoc|x86.Build.0 = Release|x86
		{F4B11D19-9477-4F50-8A11-1CF4EC7F8096}.Ad-Hoc|x86.Deploy.0 = Release|x86
		{F4B11D19-9477-4F50-8A11-1CF4EC7F8096}.AppStore|Any CPU.ActiveCfg = Release|Any CPU
		{F4B11D19-9477-4F50-8A11-1CF4EC7F8096}.AppStore|Any CPU.Build.0 = Release|Any CPU
		{F4B11D19-9477-4F50-8A11-1CF4EC7F8096}.AppStore|Any CPU.Deploy.0 = Release|Any CPU
		{F4B11D19-9477-4F50-8A11-1CF4EC7F8096}.AppStore|ARM.ActiveCfg = Release|ARM
		{F4B11D19-9477-4F50-8A11-1CF4EC7F8096}.AppStore|ARM.Build.0 = Release|ARM
		{F4B11D19-9477-4F50-8A11-1CF4EC7F8096}.AppStore|ARM.Deploy.0 = Release|ARM
		{F4B11D19-9477-4F50-8A11-1CF4EC7F8096}.AppStore|iPhone.ActiveCfg = Release|Any CPU
		{F4B11D19-9477-4F50-8A11-1CF4EC7F8096}.AppStore|iPhone.Build.0 = Release|Any CPU
		{F4B11D19-9477-4F50-8A11-1CF4EC7F8096}.AppStore|iPhone.Deploy.0 = Release|Any CPU
		{F4B11D19-9477-4F50-8A11-1CF4EC7F8096}.AppStore|iPhoneSimulator.ActiveCfg = Release|Any CPU
		{F4B11D19-9477-4F50-8A11-1CF4EC7F8096}.AppStore|iPhoneSimulator.Build.0 = Release|Any CPU
		{F4B11D19-9477-4F50-8A11-1CF4EC7F8096}.AppStore|iPhoneSimulator.Deploy.0 = Release|Any CPU
		{F4B11D19-9477-4F50-8A11-1CF4EC7F8096}.AppStore|x64.ActiveCfg = Release|x64
		{F4B11D19-9477-4F50-8A11-1CF4EC7F8096}.AppStore|x64.Build.0 = Release|x64
		{F4B11D19-9477-4F50-8A11-1CF4EC7F8096}.AppStore|x64.Deploy.0 = Release|x64
		{F4B11D19-9477-4F50-8A11-1CF4EC7F8096}.AppStore|x86.ActiveCfg = Release|x86
		{F4B11D19-9477-4F50-8A11-1CF4EC7F8096}.AppStore|x86.Build.0 = Release|x86
		{F4B11D19-9477-4F50-8A11-1CF4EC7F8096}.AppStore|x86.Deploy.0 = Release|x86
		{F4B11D19-9477-4F50-8A11-1CF4EC7F8096}.Debug|Any CPU.ActiveCfg = Debug|Any CPU
		{F4B11D19-9477-4F50-8A11-1CF4EC7F8096}.Debug|Any CPU.Build.0 = Debug|Any CPU
		{F4B11D19-9477-4F50-8A11-1CF4EC7F8096}.Debug|Any CPU.Deploy.0 = Debug|Any CPU
		{F4B11D19-9477-4F50-8A11-1CF4EC7F8096}.Debug|ARM.ActiveCfg = Debug|ARM
		{F4B11D19-9477-4F50-8A11-1CF4EC7F8096}.Debug|ARM.Build.0 = Debug|ARM
		{F4B11D19-9477-4F50-8A11-1CF4EC7F8096}.Debug|ARM.Deploy.0 = Debug|ARM
		{F4B11D19-9477-4F50-8A11-1CF4EC7F8096}.Debug|iPhone.ActiveCfg = Debug|Any CPU
		{F4B11D19-9477-4F50-8A11-1CF4EC7F8096}.Debug|iPhone.Build.0 = Debug|Any CPU
		{F4B11D19-9477-4F50-8A11-1CF4EC7F8096}.Debug|iPhone.Deploy.0 = Debug|Any CPU
		{F4B11D19-9477-4F50-8A11-1CF4EC7F8096}.Debug|iPhoneSimulator.ActiveCfg = Debug|Any CPU
		{F4B11D19-9477-4F50-8A11-1CF4EC7F8096}.Debug|iPhoneSimulator.Build.0 = Debug|Any CPU
		{F4B11D19-9477-4F50-8A11-1CF4EC7F8096}.Debug|iPhoneSimulator.Deploy.0 = Debug|Any CPU
		{F4B11D19-9477-4F50-8A11-1CF4EC7F8096}.Debug|x64.ActiveCfg = Debug|x64
		{F4B11D19-9477-4F50-8A11-1CF4EC7F8096}.Debug|x64.Build.0 = Debug|x64
		{F4B11D19-9477-4F50-8A11-1CF4EC7F8096}.Debug|x64.Deploy.0 = Debug|x64
		{F4B11D19-9477-4F50-8A11-1CF4EC7F8096}.Debug|x86.ActiveCfg = Debug|x86
		{F4B11D19-9477-4F50-8A11-1CF4EC7F8096}.Debug|x86.Build.0 = Debug|x86
		{F4B11D19-9477-4F50-8A11-1CF4EC7F8096}.Debug|x86.Deploy.0 = Debug|x86
		{F4B11D19-9477-4F50-8A11-1CF4EC7F8096}.Release|Any CPU.ActiveCfg = Release|Any CPU
		{F4B11D19-9477-4F50-8A11-1CF4EC7F8096}.Release|Any CPU.Build.0 = Release|Any CPU
		{F4B11D19-9477-4F50-8A11-1CF4EC7F8096}.Release|Any CPU.Deploy.0 = Release|Any CPU
		{F4B11D19-9477-4F50-8A11-1CF4EC7F8096}.Release|ARM.ActiveCfg = Release|ARM
		{F4B11D19-9477-4F50-8A11-1CF4EC7F8096}.Release|ARM.Build.0 = Release|ARM
		{F4B11D19-9477-4F50-8A11-1CF4EC7F8096}.Release|ARM.Deploy.0 = Release|ARM
		{F4B11D19-9477-4F50-8A11-1CF4EC7F8096}.Release|iPhone.ActiveCfg = Release|Any CPU
		{F4B11D19-9477-4F50-8A11-1CF4EC7F8096}.Release|iPhone.Build.0 = Release|Any CPU
		{F4B11D19-9477-4F50-8A11-1CF4EC7F8096}.Release|iPhone.Deploy.0 = Release|Any CPU
		{F4B11D19-9477-4F50-8A11-1CF4EC7F8096}.Release|iPhoneSimulator.ActiveCfg = Release|Any CPU
		{F4B11D19-9477-4F50-8A11-1CF4EC7F8096}.Release|iPhoneSimulator.Build.0 = Release|Any CPU
		{F4B11D19-9477-4F50-8A11-1CF4EC7F8096}.Release|iPhoneSimulator.Deploy.0 = Release|Any CPU
		{F4B11D19-9477-4F50-8A11-1CF4EC7F8096}.Release|x64.ActiveCfg = Release|x64
		{F4B11D19-9477-4F50-8A11-1CF4EC7F8096}.Release|x64.Build.0 = Release|x64
		{F4B11D19-9477-4F50-8A11-1CF4EC7F8096}.Release|x64.Deploy.0 = Release|x64
		{F4B11D19-9477-4F50-8A11-1CF4EC7F8096}.Release|x86.ActiveCfg = Release|x86
		{F4B11D19-9477-4F50-8A11-1CF4EC7F8096}.Release|x86.Build.0 = Release|x86
		{F4B11D19-9477-4F50-8A11-1CF4EC7F8096}.Release|x86.Deploy.0 = Release|x86
	EndGlobalSection
	GlobalSection(SolutionProperties) = preSolution
		HideSolutionNode = FALSE
	EndGlobalSection
EndGlobal
